[root]
name = "day5"
version = "0.1.0"
dependencies = [
 "md5 0.3.5 (registry+https://github.com/rust-lang/crates.io-index)",
]

[[package]]
name = "md5"
version = "0.3.5"
source = "registry+https://github.com/rust-lang/crates.io-index"

[metadata]
"checksum md5 0.3.5 (registry+https://github.com/rust-lang/crates.io-index)" = "11f2f3240857d306c26118e2e92a5eaf8990df379e3d96573ee6c92cdbf58a81"
